// !$*UTF8*$!
{
	archiveVersion = 1;
	classes = {
	};
	objectVersion = 56;
	objects = {

/* Begin PBXBuildFile section */
		7055ED282AE723830067D0CF /* FruitDetailView.swift in Sources */ = {isa = PBXBuildFile; fileRef = 7055ED272AE723830067D0CF /* FruitDetailView.swift */; };
		7055ED2A2AE723B40067D0CF /* FruitHeaderView.swift in Sources */ = {isa = PBXBuildFile; fileRef = 7055ED292AE723B40067D0CF /* FruitHeaderView.swift */; };
		7055ED2C2AE724C60067D0CF /* FruitRowView.swift in Sources */ = {isa = PBXBuildFile; fileRef = 7055ED2B2AE724C60067D0CF /* FruitRowView.swift */; };
		70A4ADA92AE72D9D008FDABA /* ColorExtensions.swift in Sources */ = {isa = PBXBuildFile; fileRef = 70A4ADA82AE72D9D008FDABA /* ColorExtensions.swift */; };
		BB8FFF7D2AD64B78008D91ED /* FruitFolioApp.swift in Sources */ = {isa = PBXBuildFile; fileRef = BB8FFF7C2AD64B78008D91ED /* FruitFolioApp.swift */; };
		BB8FFF7F2AD64B78008D91ED /* ContentView.swift in Sources */ = {isa = PBXBuildFile; fileRef = BB8FFF7E2AD64B78008D91ED /* ContentView.swift */; };
		BB8FFF812AD64B7A008D91ED /* Assets.xcassets in Resources */ = {isa = PBXBuildFile; fileRef = BB8FFF802AD64B7A008D91ED /* Assets.xcassets */; };
		BB8FFF842AD64B7A008D91ED /* Preview Assets.xcassets in Resources */ = {isa = PBXBuildFile; fileRef = BB8FFF832AD64B7A008D91ED /* Preview Assets.xcassets */; };
		BBB036D12AE48C0100D7E388 /* OnboardingView.swift in Sources */ = {isa = PBXBuildFile; fileRef = BBB036D02AE48C0100D7E388 /* OnboardingView.swift */; };
		BBB036D32AE48C2A00D7E388 /* FruitCardView.swift in Sources */ = {isa = PBXBuildFile; fileRef = BBB036D22AE48C2A00D7E388 /* FruitCardView.swift */; };
		BBB036D52AE48CE300D7E388 /* StartButtonView.swift in Sources */ = {isa = PBXBuildFile; fileRef = BBB036D42AE48CE300D7E388 /* StartButtonView.swift */; };
		BBB036D82AE48D5C00D7E388 /* FruitData.swift in Sources */ = {isa = PBXBuildFile; fileRef = BBB036D72AE48D5C00D7E388 /* FruitData.swift */; };
		BBB036DB2AE48D8A00D7E388 /* FruitModel.swift in Sources */ = {isa = PBXBuildFile; fileRef = BBB036DA2AE48D8A00D7E388 /* FruitModel.swift */; };
/* End PBXBuildFile section */

/* Begin PBXFileReference section */
		7055ED272AE723830067D0CF /* FruitDetailView.swift */ = {isa = PBXFileReference; lastKnownFileType = sourcecode.swift; path = FruitDetailView.swift; sourceTree = "<group>"; };
		7055ED292AE723B40067D0CF /* FruitHeaderView.swift */ = {isa = PBXFileReference; lastKnownFileType = sourcecode.swift; path = FruitHeaderView.swift; sourceTree = "<group>"; };
		7055ED2B2AE724C60067D0CF /* FruitRowView.swift */ = {isa = PBXFileReference; lastKnownFileType = sourcecode.swift; path = FruitRowView.swift; sourceTree = "<group>"; };
		70A4ADA82AE72D9D008FDABA /* ColorExtensions.swift */ = {isa = PBXFileReference; lastKnownFileType = sourcecode.swift; path = ColorExtensions.swift; sourceTree = "<group>"; };
		BB8FFF792AD64B78008D91ED /* FruitFolio.app */ = {isa = PBXFileReference; explicitFileType = wrapper.application; includeInIndex = 0; path = FruitFolio.app; sourceTree = BUILT_PRODUCTS_DIR; };
		BB8FFF7C2AD64B78008D91ED /* FruitFolioApp.swift */ = {isa = PBXFileReference; lastKnownFileType = sourcecode.swift; path = FruitFolioApp.swift; sourceTree = "<group>"; };
		BB8FFF7E2AD64B78008D91ED /* ContentView.swift */ = {isa = PBXFileReference; lastKnownFileType = sourcecode.swift; path = ContentView.swift; sourceTree = "<group>"; };
		BB8FFF802AD64B7A008D91ED /* Assets.xcassets */ = {isa = PBXFileReference; lastKnownFileType = folder.assetcatalog; path = Assets.xcassets; sourceTree = "<group>"; };
		BB8FFF832AD64B7A008D91ED /* Preview Assets.xcassets */ = {isa = PBXFileReference; lastKnownFileType = folder.assetcatalog; path = "Preview Assets.xcassets"; sourceTree = "<group>"; };
		BBB036D02AE48C0100D7E388 /* OnboardingView.swift */ = {isa = PBXFileReference; lastKnownFileType = sourcecode.swift; path = OnboardingView.swift; sourceTree = "<group>"; };
		BBB036D22AE48C2A00D7E388 /* FruitCardView.swift */ = {isa = PBXFileReference; lastKnownFileType = sourcecode.swift; path = FruitCardView.swift; sourceTree = "<group>"; };
		BBB036D42AE48CE300D7E388 /* StartButtonView.swift */ = {isa = PBXFileReference; lastKnownFileType = sourcecode.swift; path = StartButtonView.swift; sourceTree = "<group>"; };
		BBB036D72AE48D5C00D7E388 /* FruitData.swift */ = {isa = PBXFileReference; lastKnownFileType = sourcecode.swift; path = FruitData.swift; sourceTree = "<group>"; };
		BBB036DA2AE48D8A00D7E388 /* FruitModel.swift */ = {isa = PBXFileReference; lastKnownFileType = sourcecode.swift; path = FruitModel.swift; sourceTree = "<group>"; };
		BBB036DC2AE4901C00D7E388 /* Info.plist */ = {isa = PBXFileReference; lastKnownFileType = text.plist; path = Info.plist; sourceTree = "<group>"; };
/* End PBXFileReference section */

/* Begin PBXFrameworksBuildPhase section */
		BB8FFF762AD64B78008D91ED /* Frameworks */ = {
			isa = PBXFrameworksBuildPhase;
			buildActionMask = 2147483647;
			files = (
			);
			runOnlyForDeploymentPostprocessing = 0;
		};
/* End PBXFrameworksBuildPhase section */

/* Begin PBXGroup section */
		70A4ADA72AE72D8A008FDABA /* Extensions */ = {
			isa = PBXGroup;
			children = (
				70A4ADA82AE72D9D008FDABA /* ColorExtensions.swift */,
			);
			path = Extensions;
			sourceTree = "<group>";
		};
		BB8FFF702AD64B78008D91ED = {
			isa = PBXGroup;
			children = (
				BB8FFF7B2AD64B78008D91ED /* FruitFolio */,
				BB8FFF7A2AD64B78008D91ED /* Products */,
			);
			sourceTree = "<group>";
		};
		BB8FFF7A2AD64B78008D91ED /* Products */ = {
			isa = PBXGroup;
			children = (
				BB8FFF792AD64B78008D91ED /* FruitFolio.app */,
			);
			name = Products;
			sourceTree = "<group>";
		};
		BB8FFF7B2AD64B78008D91ED /* FruitFolio */ = {
			isa = PBXGroup;
			children = (
				70A4ADA72AE72D8A008FDABA /* Extensions */,
				BBB036DC2AE4901C00D7E388 /* Info.plist */,
				BBB036D92AE48D7B00D7E388 /* Model */,
				BBB036D62AE48D4900D7E388 /* Data */,
				BBB036CE2AE48B9300D7E388 /* App */,
				BBB036CF2AE48BE600D7E388 /* Views */,
				BB8FFF802AD64B7A008D91ED /* Assets.xcassets */,
				BB8FFF822AD64B7A008D91ED /* Preview Content */,
			);
			path = FruitFolio;
			sourceTree = "<group>";
		};
		BB8FFF822AD64B7A008D91ED /* Preview Content */ = {
			isa = PBXGroup;
			children = (
				BB8FFF832AD64B7A008D91ED /* Preview Assets.xcassets */,
			);
			path = "Preview Content";
			sourceTree = "<group>";
		};
		BBB036CE2AE48B9300D7E388 /* App */ = {
			isa = PBXGroup;
			children = (
				BB8FFF7C2AD64B78008D91ED /* FruitFolioApp.swift */,
			);
			path = App;
			sourceTree = "<group>";
		};
		BBB036CF2AE48BE600D7E388 /* Views */ = {
			isa = PBXGroup;
			children = (
				BB8FFF7E2AD64B78008D91ED /* ContentView.swift */,
				BBB036D02AE48C0100D7E388 /* OnboardingView.swift */,
				BBB036D22AE48C2A00D7E388 /* FruitCardView.swift */,
				BBB036D42AE48CE300D7E388 /* StartButtonView.swift */,
				7055ED272AE723830067D0CF /* FruitDetailView.swift */,
				7055ED292AE723B40067D0CF /* FruitHeaderView.swift */,
				7055ED2B2AE724C60067D0CF /* FruitRowView.swift */,
			);
			path = Views;
			sourceTree = "<group>";
		};
		BBB036D62AE48D4900D7E388 /* Data */ = {
			isa = PBXGroup;
			children = (
				BBB036D72AE48D5C00D7E388 /* FruitData.swift */,
			);
			path = Data;
			sourceTree = "<group>";
		};
		BBB036D92AE48D7B00D7E388 /* Model */ = {
			isa = PBXGroup;
			children = (
				BBB036DA2AE48D8A00D7E388 /* FruitModel.swift */,
			);
			path = Model;
			sourceTree = "<group>";
		};
/* End PBXGroup section */

/* Begin PBXNativeTarget section */
		BB8FFF782AD64B78008D91ED /* FruitFolio */ = {
			isa = PBXNativeTarget;
			buildConfigurationList = BB8FFF872AD64B7A008D91ED /* Build configuration list for PBXNativeTarget "FruitFolio" */;
			buildPhases = (
				BB8FFF752AD64B78008D91ED /* Sources */,
				BB8FFF762AD64B78008D91ED /* Frameworks */,
				BB8FFF772AD64B78008D91ED /* Resources */,
			);
			buildRules = (
			);
			dependencies = (
			);
			name = FruitFolio;
			productName = FruitFolio;
			productReference = BB8FFF792AD64B78008D91ED /* FruitFolio.app */;
			productType = "com.apple.product-type.application";
		};
/* End PBXNativeTarget section */

/* Begin PBXProject section */
		BB8FFF712AD64B78008D91ED /* Project object */ = {
			isa = PBXProject;
			attributes = {
				BuildIndependentTargetsInParallel = 1;
				LastSwiftUpdateCheck = 1430;
				LastUpgradeCheck = 1430;
				TargetAttributes = {
					BB8FFF782AD64B78008D91ED = {
						CreatedOnToolsVersion = 14.3.1;
					};
				};
			};
			buildConfigurationList = BB8FFF742AD64B78008D91ED /* Build configuration list for PBXProject "FruitFolio" */;
			compatibilityVersion = "Xcode 14.0";
			developmentRegion = en;
			hasScannedForEncodings = 0;
			knownRegions = (
				en,
				Base,
			);
			mainGroup = BB8FFF702AD64B78008D91ED;
			productRefGroup = BB8FFF7A2AD64B78008D91ED /* Products */;
			projectDirPath = "";
			projectRoot = "";
			targets = (
				BB8FFF782AD64B78008D91ED /* FruitFolio */,
			);
		};
/* End PBXProject section */

/* Begin PBXResourcesBuildPhase section */
		BB8FFF772AD64B78008D91ED /* Resources */ = {
			isa = PBXResourcesBuildPhase;
			buildActionMask = 2147483647;
			files = (
				BB8FFF842AD64B7A008D91ED /* Preview Assets.xcassets in Resources */,
				BB8FFF812AD64B7A008D91ED /* Assets.xcassets in Resources */,
			);
			runOnlyForDeploymentPostprocessing = 0;
		};
/* End PBXResourcesBuildPhase section */

/* Begin PBXSourcesBuildPhase section */
		BB8FFF752AD64B78008D91ED /* Sources */ = {
			isa = PBXSourcesBuildPhase;
			buildActionMask = 2147483647;
			files = (
				70A4ADA92AE72D9D008FDABA /* ColorExtensions.swift in Sources */,
				7055ED2C2AE724C60067D0CF /* FruitRowView.swift in Sources */,
				7055ED282AE723830067D0CF /* FruitDetailView.swift in Sources */,
				BBB036D12AE48C0100D7E388 /* OnboardingView.swift in Sources */,
				BBB036DB2AE48D8A00D7E388 /* FruitModel.swift in Sources */,
				BBB036D32AE48C2A00D7E388 /* FruitCardView.swift in Sources */,
				BBB036D82AE48D5C00D7E388 /* FruitData.swift in Sources */,
				7055ED2A2AE723B40067D0CF /* FruitHeaderView.swift in Sources */,
				BB8FFF7F2AD64B78008D91ED /* ContentView.swift in Sources */,
				BBB036D52AE48CE300D7E388 /* StartButtonView.swift in Sources */,
				BB8FFF7D2AD64B78008D91ED /* FruitFolioApp.swift in Sources */,
			);
			runOnlyForDeploymentPostprocessing = 0;
		};
/* End PBXSourcesBuildPhase section */

/* Begin XCBuildConfiguration section */
		BB8FFF852AD64B7A008D91ED /* Debug */ = {
			isa = XCBuildConfiguration;
			buildSettings = {
				ALWAYS_SEARCH_USER_PATHS = NO;
				CLANG_ANALYZER_NONNULL = YES;
				CLANG_ANALYZER_NUMBER_OBJECT_CONVERSION = YES_AGGRESSIVE;
				CLANG_CXX_LANGUAGE_STANDARD = "gnu++20";
				CLANG_ENABLE_MODULES = YES;
				CLANG_ENABLE_OBJC_ARC = YES;
				CLANG_ENABLE_OBJC_WEAK = YES;
				CLANG_WARN_BLOCK_CAPTURE_AUTORELEASING = YES;
				CLANG_WARN_BOOL_CONVERSION = YES;
				CLANG_WARN_COMMA = YES;
				CLANG_WARN_CONSTANT_CONVERSION = YES;
				CLANG_WARN_DEPRECATED_OBJC_IMPLEMENTATIONS = YES;
				CLANG_WARN_DIRECT_OBJC_ISA_USAGE = YES_ERROR;
				CLANG_WARN_DOCUMENTATION_COMMENTS = YES;
				CLANG_WARN_EMPTY_BODY = YES;
				CLANG_WARN_ENUM_CONVERSION = YES;
				CLANG_WARN_INFINITE_RECURSION = YES;
				CLANG_WARN_INT_CONVERSION = YES;
				CLANG_WARN_NON_LITERAL_NULL_CONVERSION = YES;
				CLANG_WARN_OBJC_IMPLICIT_RETAIN_SELF = YES;
				CLANG_WARN_OBJC_LITERAL_CONVERSION = YES;
				CLANG_WARN_OBJC_ROOT_CLASS = YES_ERROR;
				CLANG_WARN_QUOTED_INCLUDE_IN_FRAMEWORK_HEADER = YES;
				CLANG_WARN_RANGE_LOOP_ANALYSIS = YES;
				CLANG_WARN_STRICT_PROTOTYPES = YES;
				CLANG_WARN_SUSPICIOUS_MOVE = YES;
				CLANG_WARN_UNGUARDED_AVAILABILITY = YES_AGGRESSIVE;
				CLANG_WARN_UNREACHABLE_CODE = YES;
				CLANG_WARN__DUPLICATE_METHOD_MATCH = YES;
				COPY_PHASE_STRIP = NO;
				DEBUG_INFORMATION_FORMAT = dwarf;
				ENABLE_STRICT_OBJC_MSGSEND = YES;
				ENABLE_TESTABILITY = YES;
				GCC_C_LANGUAGE_STANDARD = gnu11;
				GCC_DYNAMIC_NO_PIC = NO;
				GCC_NO_COMMON_BLOCKS = YES;
				GCC_OPTIMIZATION_LEVEL = 0;
				GCC_PREPROCESSOR_DEFINITIONS = (
					"DEBUG=1",
					"$(inherited)",
				);
				GCC_WARN_64_TO_32_BIT_CONVERSION = YES;
				GCC_WARN_ABOUT_RETURN_TYPE = YES_ERROR;
				GCC_WARN_UNDECLARED_SELECTOR = YES;
				GCC_WARN_UNINITIALIZED_AUTOS = YES_AGGRESSIVE;
				GCC_WARN_UNUSED_FUNCTION = YES;
				GCC_WARN_UNUSED_VARIABLE = YES;
				IPHONEOS_DEPLOYMENT_TARGET = 16.4;
				MTL_ENABLE_DEBUG_INFO = INCLUDE_SOURCE;
				MTL_FAST_MATH = YES;
				ONLY_ACTIVE_ARCH = YES;
				SDKROOT = iphoneos;
				SWIFT_ACTIVE_COMPILATION_CONDITIONS = DEBUG;
				SWIFT_OPTIMIZATION_LEVEL = "-Onone";
			};
			name = Debug;
		};
		BB8FFF862AD64B7A008D91ED /* Release */ = {
			isa = XCBuildConfiguration;
			buildSettings = {
				ALWAYS_SEARCH_USER_PATHS = NO;
				CLANG_ANALYZER_NONNULL = YES;
				CLANG_ANALYZER_NUMBER_OBJECT_CONVERSION = YES_AGGRESSIVE;
				CLANG_CXX_LANGUAGE_STANDARD = "gnu++20";
				CLANG_ENABLE_MODULES = YES;
				CLANG_ENABLE_OBJC_ARC = YES;
				CLANG_ENABLE_OBJC_WEAK = YES;
				CLANG_WARN_BLOCK_CAPTURE_AUTORELEASING = YES;
				CLANG_WARN_BOOL_CONVERSION = YES;
				CLANG_WARN_COMMA = YES;
				CLANG_WARN_CONSTANT_CONVERSION = YES;
				CLANG_WARN_DEPRECATED_OBJC_IMPLEMENTATIONS = YES;
				CLANG_WARN_DIRECT_OBJC_ISA_USAGE = YES_ERROR;
				CLANG_WARN_DOCUMENTATION_COMMENTS = YES;
				CLANG_WARN_EMPTY_BODY = YES;
				CLANG_WARN_ENUM_CONVERSION = YES;
				CLANG_WARN_INFINITE_RECURSION = YES;
				CLANG_WARN_INT_CONVERSION = YES;
				CLANG_WARN_NON_LITERAL_NULL_CONVERSION = YES;
				CLANG_WARN_OBJC_IMPLICIT_RETAIN_SELF = YES;
				CLANG_WARN_OBJC_LITERAL_CONVERSION = YES;
				CLANG_WARN_OBJC_ROOT_CLASS = YES_ERROR;
				CLANG_WARN_QUOTED_INCLUDE_IN_FRAMEWORK_HEADER = YES;
				CLANG_WARN_RANGE_LOOP_ANALYSIS = YES;
				CLANG_WARN_STRICT_PROTOTYPES = YES;
				CLANG_WARN_SUSPICIOUS_MOVE = YES;
				CLANG_WARN_UNGUARDED_AVAILABILITY = YES_AGGRESSIVE;
				CLANG_WARN_UNREACHABLE_CODE = YES;
				CLANG_WARN__DUPLICATE_METHOD_MATCH = YES;
				COPY_PHASE_STRIP = NO;
				DEBUG_INFORMATION_FORMAT = "dwarf-with-dsym";
				ENABLE_NS_ASSERTIONS = NO;
				ENABLE_STRICT_OBJC_MSGSEND = YES;
				GCC_C_LANGUAGE_STANDARD = gnu11;
				GCC_NO_COMMON_BLOCKS = YES;
				GCC_WARN_64_TO_32_BIT_CONVERSION = YES;
				GCC_WARN_ABOUT_RETURN_TYPE = YES_ERROR;
				GCC_WARN_UNDECLARED_SELECTOR = YES;
				GCC_WARN_UNINITIALIZED_AUTOS = YES_AGGRESSIVE;
				GCC_WARN_UNUSED_FUNCTION = YES;
				GCC_WARN_UNUSED_VARIABLE = YES;
				IPHONEOS_DEPLOYMENT_TARGET = 16.4;
				MTL_ENABLE_DEBUG_INFO = NO;
				MTL_FAST_MATH = YES;
				SDKROOT = iphoneos;
				SWIFT_COMPILATION_MODE = wholemodule;
				SWIFT_OPTIMIZATION_LEVEL = "-O";
				VALIDATE_PRODUCT = YES;
			};
			name = Release;
		};
		BB8FFF882AD64B7A008D91ED /* Debug */ = {
			isa = XCBuildConfiguration;
			buildSettings = {
				ASSETCATALOG_COMPILER_APPICON_NAME = AppIcon;
				ASSETCATALOG_COMPILER_GLOBAL_ACCENT_COLOR_NAME = AccentColor;
				CODE_SIGN_STYLE = Automatic;
				CURRENT_PROJECT_VERSION = 1;
				DEVELOPMENT_ASSET_PATHS = "\"FruitFolio/Preview Content\"";
				DEVELOPMENT_TEAM = EYSRG3T5ZC;
				ENABLE_PREVIEWS = YES;
				GENERATE_INFOPLIST_FILE = YES;
				INFOPLIST_FILE = FruitFolio/Info.plist;
				INFOPLIST_KEY_UIApplicationSceneManifest_Generation = YES;
				INFOPLIST_KEY_UIApplicationSupportsIndirectInputEvents = YES;
				INFOPLIST_KEY_UILaunchScreen_Generation = YES;
				INFOPLIST_KEY_UISupportedInterfaceOrientations_iPad = "UIInterfaceOrientationPortrait UIInterfaceOrientationPortraitUpsideDown UIInterfaceOrientationLandscapeLeft UIInterfaceOrientationLandscapeRight";
				INFOPLIST_KEY_UISupportedInterfaceOrientations_iPhone = "UIInterfaceOrientationPortrait UIInterfaceOrientationLandscapeLeft UIInterfaceOrientationLandscapeRight";
				INFOPLIST_KEY_UIUserInterfaceStyle = Light;
				LD_RUNPATH_SEARCH_PATHS = (
					"$(inherited)",
					"@executable_path/Frameworks",
				);
				MARKETING_VERSION = 1.0;
				PRODUCT_BUNDLE_IDENTIFIER = com.example.hamza.FruitFolio;
				PRODUCT_NAME = "$(TARGET_NAME)";
				SWIFT_EMIT_LOC_STRINGS = YES;
				SWIFT_VERSION = 5.0;
				TARGETED_DEVICE_FAMILY = "1,2";
			};
			name = Debug;
		};
		BB8FFF892AD64B7A008D91ED /* Release */ = {
			isa = XCBuildConfiguration;
			buildSettings = {
				ASSETCATALOG_COMPILER_APPICON_NAME = AppIcon;
				ASSETCATALOG_COMPILER_GLOBAL_ACCENT_COLOR_NAME = AccentColor;
				CODE_SIGN_STYLE = Automatic;
				CURRENT_PROJECT_VERSION = 1;
				DEVELOPMENT_ASSET_PATHS = "\"FruitFolio/Preview Content\"";
				DEVELOPMENT_TEAM = EYSRG3T5ZC;
				ENABLE_PREVIEWS = YES;
				GENERATE_INFOPLIST_FILE = YES;
				INFOPLIST_FILE = FruitFolio/Info.plist;
				INFOPLIST_KEY_UIApplicationSceneManifest_Generation = YES;
				INFOPLIST_KEY_UIApplicationSupportsIndirectInputEvents = YES;
				INFOPLIST_KEY_UILaunchScreen_Generation = YES;
				INFOPLIST_KEY_UISupportedInterfaceOrientations_iPad = "UIInterfaceOrientationPortrait UIInterfaceOrientationPortraitUpsideDown UIInterfaceOrientationLandscapeLeft UIInterfaceOrientationLandscapeRight";
				INFOPLIST_KEY_UISupportedInterfaceOrientations_iPhone = "UIInterfaceOrientationPortrait UIInterfaceOrientationLandscapeLeft UIInterfaceOrientationLandscapeRight";
				INFOPLIST_KEY_UIUserInterfaceStyle = Light;
				LD_RUNPATH_SEARCH_PATHS = (
					"$(inherited)",
					"@executable_path/Frameworks",
				);
				MARKETING_VERSION = 1.0;
				PRODUCT_BUNDLE_IDENTIFIER = com.example.hamza.FruitFolio;
				PRODUCT_NAME = "$(TARGET_NAME)";
				SWIFT_EMIT_LOC_STRINGS = YES;
				SWIFT_VERSION = 5.0;
				TARGETED_DEVICE_FAMILY = "1,2";
			};
			name = Release;
		};
/* End XCBuildConfiguration section */

/* Begin XCConfigurationList section */
		BB8FFF742AD64B78008D91ED /* Build configuration list for PBXProject "FruitFolio" */ = {
			isa = XCConfigurationList;
			buildConfigurations = (
				BB8FFF852AD64B7A008D91ED /* Debug */,
				BB8FFF862AD64B7A008D91ED /* Release */,
			);
			defaultConfigurationIsVisible = 0;
			defaultConfigurationName = Release;
		};
		BB8FFF872AD64B7A008D91ED /* Build configuration list for PBXNativeTarget "FruitFolio" */ = {
			isa = XCConfigurationList;
			buildConfigurations = (
				BB8FFF882AD64B7A008D91ED /* Debug */,
				BB8FFF892AD64B7A008D91ED /* Release */,
			);
			defaultConfigurationIsVisible = 0;
			defaultConfigurationName = Release;
		};
/* End XCConfigurationList section */
	};
	rootObject = BB8FFF712AD64B78008D91ED /* Project object */;
}
